// !$*UTF8*$!
{
	archiveVersion = 1;
	classes = {
	};
	objectVersion = 56;
	objects = {

/* Begin PBXBuildFile section */
		7047387C6D0645DD10ECBF6B /* Pods_YumYum.framework in Frameworks */ = {isa = PBXBuildFile; fileRef = 5909CD1F7F9E2F928493A1E4 /* Pods_YumYum.framework */; };
		921857B928F70C390003510A /* PopularCollectionViewCell.swift in Sources */ = {isa = PBXBuildFile; fileRef = 921857B728F70C380003510A /* PopularCollectionViewCell.swift */; };
		921857BA28F70C390003510A /* PopularCollectionViewCell.xib in Resources */ = {isa = PBXBuildFile; fileRef = 921857B828F70C390003510A /* PopularCollectionViewCell.xib */; };
		921857BC28F70FA20003510A /* Dish.swift in Sources */ = {isa = PBXBuildFile; fileRef = 921857BB28F70FA20003510A /* Dish.swift */; };
		9242887A28F6C14600C793FA /* CategoryCollectionViewCell.swift in Sources */ = {isa = PBXBuildFile; fileRef = 9242887828F6C14600C793FA /* CategoryCollectionViewCell.swift */; };
		9242887B28F6C14600C793FA /* CategoryCollectionViewCell.xib in Resources */ = {isa = PBXBuildFile; fileRef = 9242887928F6C14600C793FA /* CategoryCollectionViewCell.xib */; };
		9242887D28F6C6F700C793FA /* DishCategory.swift in Sources */ = {isa = PBXBuildFile; fileRef = 9242887C28F6C6F700C793FA /* DishCategory.swift */; };
		925909C028F446B9003D0800 /* OnboardingViewController.swift in Sources */ = {isa = PBXBuildFile; fileRef = 925909BF28F446B9003D0800 /* OnboardingViewController.swift */; };
		925909C328F44D31003D0800 /* UIView+Extension.swift in Sources */ = {isa = PBXBuildFile; fileRef = 925909C228F44D31003D0800 /* UIView+Extension.swift */; };
		925909C528F44EC5003D0800 /* OnboardingSlide.swift in Sources */ = {isa = PBXBuildFile; fileRef = 925909C428F44EC5003D0800 /* OnboardingSlide.swift */; };
		925909C728F453E3003D0800 /* OnboardingCollectionViewCell.swift in Sources */ = {isa = PBXBuildFile; fileRef = 925909C628F453E3003D0800 /* OnboardingCollectionViewCell.swift */; };
		9289E92828F08FC000779D0D /* AppDelegate.swift in Sources */ = {isa = PBXBuildFile; fileRef = 9289E92728F08FC000779D0D /* AppDelegate.swift */; };
		9289E92A28F08FC000779D0D /* SceneDelegate.swift in Sources */ = {isa = PBXBuildFile; fileRef = 9289E92928F08FC000779D0D /* SceneDelegate.swift */; };
		9289E92F28F08FC000779D0D /* Main.storyboard in Resources */ = {isa = PBXBuildFile; fileRef = 9289E92D28F08FC000779D0D /* Main.storyboard */; };
		9289E93128F08FC100779D0D /* Assets.xcassets in Resources */ = {isa = PBXBuildFile; fileRef = 9289E93028F08FC100779D0D /* Assets.xcassets */; };
		9289E93428F08FC100779D0D /* LaunchScreen.storyboard in Resources */ = {isa = PBXBuildFile; fileRef = 9289E93228F08FC100779D0D /* LaunchScreen.storyboard */; };
		92D931D728F496E1009C29E0 /* HomeViewController.swift in Sources */ = {isa = PBXBuildFile; fileRef = 92D931D628F496E1009C29E0 /* HomeViewController.swift */; };
		92E492FE28F6CD65009F4E94 /* String+Extension.swift in Sources */ = {isa = PBXBuildFile; fileRef = 92E492FD28F6CD65009F4E94 /* String+Extension.swift */; };
		92E4930128F6F4AC009F4E94 /* CardView.swift in Sources */ = {isa = PBXBuildFile; fileRef = 92E4930028F6F4AC009F4E94 /* CardView.swift */; };
/* End PBXBuildFile section */

/* Begin PBXFileReference section */
		13FB7DEC36337B7614298EC2 /* Pods-YumYum.release.xcconfig */ = {isa = PBXFileReference; includeInIndex = 1; lastKnownFileType = text.xcconfig; name = "Pods-YumYum.release.xcconfig"; path = "Target Support Files/Pods-YumYum/Pods-YumYum.release.xcconfig"; sourceTree = "<group>"; };
		5909CD1F7F9E2F928493A1E4 /* Pods_YumYum.framework */ = {isa = PBXFileReference; explicitFileType = wrapper.framework; includeInIndex = 0; path = Pods_YumYum.framework; sourceTree = BUILT_PRODUCTS_DIR; };
		921857B728F70C380003510A /* PopularCollectionViewCell.swift */ = {isa = PBXFileReference; lastKnownFileType = sourcecode.swift; path = PopularCollectionViewCell.swift; sourceTree = "<group>"; };
		921857B828F70C390003510A /* PopularCollectionViewCell.xib */ = {isa = PBXFileReference; lastKnownFileType = file.xib; path = PopularCollectionViewCell.xib; sourceTree = "<group>"; };
		921857BB28F70FA20003510A /* Dish.swift */ = {isa = PBXFileReference; lastKnownFileType = sourcecode.swift; path = Dish.swift; sourceTree = "<group>"; };
		9242887828F6C14600C793FA /* CategoryCollectionViewCell.swift */ = {isa = PBXFileReference; lastKnownFileType = sourcecode.swift; path = CategoryCollectionViewCell.swift; sourceTree = "<group>"; };
		9242887928F6C14600C793FA /* CategoryCollectionViewCell.xib */ = {isa = PBXFileReference; lastKnownFileType = file.xib; path = CategoryCollectionViewCell.xib; sourceTree = "<group>"; };
		9242887C28F6C6F700C793FA /* DishCategory.swift */ = {isa = PBXFileReference; lastKnownFileType = sourcecode.swift; path = DishCategory.swift; sourceTree = "<group>"; };
		925909BF28F446B9003D0800 /* OnboardingViewController.swift */ = {isa = PBXFileReference; lastKnownFileType = sourcecode.swift; path = OnboardingViewController.swift; sourceTree = "<group>"; };
		925909C228F44D31003D0800 /* UIView+Extension.swift */ = {isa = PBXFileReference; lastKnownFileType = sourcecode.swift; path = "UIView+Extension.swift"; sourceTree = "<group>"; };
		925909C428F44EC5003D0800 /* OnboardingSlide.swift */ = {isa = PBXFileReference; lastKnownFileType = sourcecode.swift; path = OnboardingSlide.swift; sourceTree = "<group>"; };
		925909C628F453E3003D0800 /* OnboardingCollectionViewCell.swift */ = {isa = PBXFileReference; lastKnownFileType = sourcecode.swift; path = OnboardingCollectionViewCell.swift; sourceTree = "<group>"; };
		9289E92428F08FC000779D0D /* YumYum.app */ = {isa = PBXFileReference; explicitFileType = wrapper.application; includeInIndex = 0; path = YumYum.app; sourceTree = BUILT_PRODUCTS_DIR; };
		9289E92728F08FC000779D0D /* AppDelegate.swift */ = {isa = PBXFileReference; lastKnownFileType = sourcecode.swift; path = AppDelegate.swift; sourceTree = "<group>"; };
		9289E92928F08FC000779D0D /* SceneDelegate.swift */ = {isa = PBXFileReference; lastKnownFileType = sourcecode.swift; path = SceneDelegate.swift; sourceTree = "<group>"; };
		9289E92E28F08FC000779D0D /* Base */ = {isa = PBXFileReference; lastKnownFileType = file.storyboard; name = Base; path = Base.lproj/Main.storyboard; sourceTree = "<group>"; };
		9289E93028F08FC100779D0D /* Assets.xcassets */ = {isa = PBXFileReference; lastKnownFileType = folder.assetcatalog; path = Assets.xcassets; sourceTree = "<group>"; };
		9289E93328F08FC100779D0D /* Base */ = {isa = PBXFileReference; lastKnownFileType = file.storyboard; name = Base; path = Base.lproj/LaunchScreen.storyboard; sourceTree = "<group>"; };
		9289E93528F08FC100779D0D /* Info.plist */ = {isa = PBXFileReference; lastKnownFileType = text.plist.xml; path = Info.plist; sourceTree = "<group>"; };
		92D931D628F496E1009C29E0 /* HomeViewController.swift */ = {isa = PBXFileReference; lastKnownFileType = sourcecode.swift; path = HomeViewController.swift; sourceTree = "<group>"; };
		92E492FD28F6CD65009F4E94 /* String+Extension.swift */ = {isa = PBXFileReference; lastKnownFileType = sourcecode.swift; path = "String+Extension.swift"; sourceTree = "<group>"; };
		92E4930028F6F4AC009F4E94 /* CardView.swift */ = {isa = PBXFileReference; lastKnownFileType = sourcecode.swift; path = CardView.swift; sourceTree = "<group>"; };
		A1F6D42B122DD5FF46B139C6 /* Pods-YumYum.debug.xcconfig */ = {isa = PBXFileReference; includeInIndex = 1; lastKnownFileType = text.xcconfig; name = "Pods-YumYum.debug.xcconfig"; path = "Target Support Files/Pods-YumYum/Pods-YumYum.debug.xcconfig"; sourceTree = "<group>"; };
/* End PBXFileReference section */

/* Begin PBXFrameworksBuildPhase section */
		9289E92128F08FC000779D0D /* Frameworks */ = {
			isa = PBXFrameworksBuildPhase;
			buildActionMask = 2147483647;
			files = (
				7047387C6D0645DD10ECBF6B /* Pods_YumYum.framework in Frameworks */,
			);
			runOnlyForDeploymentPostprocessing = 0;
		};
/* End PBXFrameworksBuildPhase section */

/* Begin PBXGroup section */
		884DDA54B3985A39FC0FDB3C /* Pods */ = {
			isa = PBXGroup;
			children = (
				A1F6D42B122DD5FF46B139C6 /* Pods-YumYum.debug.xcconfig */,
				13FB7DEC36337B7614298EC2 /* Pods-YumYum.release.xcconfig */,
			);
			path = Pods;
			sourceTree = "<group>";
		};
		921857B628F70BFE0003510A /* PopularCollectionViewCell */ = {
			isa = PBXGroup;
			children = (
				921857B728F70C380003510A /* PopularCollectionViewCell.swift */,
				921857B828F70C390003510A /* PopularCollectionViewCell.xib */,
			);
			path = PopularCollectionViewCell;
			sourceTree = "<group>";
		};
		9242887628F6C06700C793FA /* CollectionViewCells */ = {
			isa = PBXGroup;
			children = (
				921857B628F70BFE0003510A /* PopularCollectionViewCell */,
				9242887728F6C0DE00C793FA /* CategoryCollectionViewCell */,
			);
			path = CollectionViewCells;
			sourceTree = "<group>";
		};
		9242887728F6C0DE00C793FA /* CategoryCollectionViewCell */ = {
			isa = PBXGroup;
			children = (
				9242887828F6C14600C793FA /* CategoryCollectionViewCell.swift */,
				9242887928F6C14600C793FA /* CategoryCollectionViewCell.xib */,
			);
			path = CategoryCollectionViewCell;
			sourceTree = "<group>";
		};
		925909BB28F445F0003D0800 /* Models */ = {
			isa = PBXGroup;
			children = (
				925909C428F44EC5003D0800 /* OnboardingSlide.swift */,
				9242887C28F6C6F700C793FA /* DishCategory.swift */,
				921857BB28F70FA20003510A /* Dish.swift */,
			);
			path = Models;
			sourceTree = "<group>";
		};
		925909BC28F44606003D0800 /* Views */ = {
			isa = PBXGroup;
			children = (
				92D931D528F496A9009C29E0 /* Home */,
				925909BE28F44642003D0800 /* Onboarding */,
			);
			path = Views;
			sourceTree = "<group>";
		};
		925909BD28F4461A003D0800 /* CustomViews */ = {
			isa = PBXGroup;
			children = (
				92E492FF28F6F470009F4E94 /* CardView */,
				9242887628F6C06700C793FA /* CollectionViewCells */,
			);
			path = CustomViews;
			sourceTree = "<group>";
		};
		925909BE28F44642003D0800 /* Onboarding */ = {
			isa = PBXGroup;
			children = (
				925909BF28F446B9003D0800 /* OnboardingViewController.swift */,
				925909C628F453E3003D0800 /* OnboardingCollectionViewCell.swift */,
			);
			path = Onboarding;
			sourceTree = "<group>";
		};
		925909C128F44CF8003D0800 /* Extensions */ = {
			isa = PBXGroup;
			children = (
				925909C228F44D31003D0800 /* UIView+Extension.swift */,
				92E492FD28F6CD65009F4E94 /* String+Extension.swift */,
			);
			path = Extensions;
			sourceTree = "<group>";
		};
		9289E91B28F08FC000779D0D = {
			isa = PBXGroup;
			children = (
				9289E92628F08FC000779D0D /* YumYum */,
				9289E92528F08FC000779D0D /* Products */,
				884DDA54B3985A39FC0FDB3C /* Pods */,
				A2512AE9FCF45C3A4185F775 /* Frameworks */,
			);
			sourceTree = "<group>";
		};
		9289E92528F08FC000779D0D /* Products */ = {
			isa = PBXGroup;
			children = (
				9289E92428F08FC000779D0D /* YumYum.app */,
			);
			name = Products;
			sourceTree = "<group>";
		};
		9289E92628F08FC000779D0D /* YumYum */ = {
			isa = PBXGroup;
			children = (
				925909C128F44CF8003D0800 /* Extensions */,
				925909BD28F4461A003D0800 /* CustomViews */,
				925909BC28F44606003D0800 /* Views */,
				925909BB28F445F0003D0800 /* Models */,
				9289E92728F08FC000779D0D /* AppDelegate.swift */,
				9289E92928F08FC000779D0D /* SceneDelegate.swift */,
				9289E92D28F08FC000779D0D /* Main.storyboard */,
				9289E93028F08FC100779D0D /* Assets.xcassets */,
				9289E93228F08FC100779D0D /* LaunchScreen.storyboard */,
				9289E93528F08FC100779D0D /* Info.plist */,
			);
			path = YumYum;
			sourceTree = "<group>";
		};
		92D931D528F496A9009C29E0 /* Home */ = {
			isa = PBXGroup;
			children = (
				92D931D628F496E1009C29E0 /* HomeViewController.swift */,
			);
			path = Home;
			sourceTree = "<group>";
		};
		92E492FF28F6F470009F4E94 /* CardView */ = {
			isa = PBXGroup;
			children = (
				92E4930028F6F4AC009F4E94 /* CardView.swift */,
			);
			path = CardView;
			sourceTree = "<group>";
		};
		A2512AE9FCF45C3A4185F775 /* Frameworks */ = {
			isa = PBXGroup;
			children = (
				5909CD1F7F9E2F928493A1E4 /* Pods_YumYum.framework */,
			);
			name = Frameworks;
			sourceTree = "<group>";
		};
/* End PBXGroup section */

/* Begin PBXNativeTarget section */
		9289E92328F08FC000779D0D /* YumYum */ = {
			isa = PBXNativeTarget;
			buildConfigurationList = 9289E93828F08FC100779D0D /* Build configuration list for PBXNativeTarget "YumYum" */;
			buildPhases = (
				3D5E34C9A7B7CCD7EEA18C50 /* [CP] Check Pods Manifest.lock */,
				9289E92028F08FC000779D0D /* Sources */,
				9289E92128F08FC000779D0D /* Frameworks */,
				9289E92228F08FC000779D0D /* Resources */,
				7B94BABE4883745902DE9EAD /* [CP] Embed Pods Frameworks */,
			);
			buildRules = (
			);
			dependencies = (
			);
			name = YumYum;
			productName = YumYum;
			productReference = 9289E92428F08FC000779D0D /* YumYum.app */;
			productType = "com.apple.product-type.application";
		};
/* End PBXNativeTarget section */

/* Begin PBXProject section */
		9289E91C28F08FC000779D0D /* Project object */ = {
			isa = PBXProject;
			attributes = {
				BuildIndependentTargetsInParallel = 1;
				LastSwiftUpdateCheck = 1400;
				LastUpgradeCheck = 1400;
				TargetAttributes = {
					9289E92328F08FC000779D0D = {
						CreatedOnToolsVersion = 14.0.1;
					};
				};
			};
			buildConfigurationList = 9289E91F28F08FC000779D0D /* Build configuration list for PBXProject "YumYum" */;
			compatibilityVersion = "Xcode 14.0";
			developmentRegion = en;
			hasScannedForEncodings = 0;
			knownRegions = (
				en,
				Base,
			);
			mainGroup = 9289E91B28F08FC000779D0D;
			productRefGroup = 9289E92528F08FC000779D0D /* Products */;
			projectDirPath = "";
			projectRoot = "";
			targets = (
				9289E92328F08FC000779D0D /* YumYum */,
			);
		};
/* End PBXProject section */

/* Begin PBXResourcesBuildPhase section */
		9289E92228F08FC000779D0D /* Resources */ = {
			isa = PBXResourcesBuildPhase;
			buildActionMask = 2147483647;
			files = (
				9242887B28F6C14600C793FA /* CategoryCollectionViewCell.xib in Resources */,
				9289E93428F08FC100779D0D /* LaunchScreen.storyboard in Resources */,
				9289E93128F08FC100779D0D /* Assets.xcassets in Resources */,
				9289E92F28F08FC000779D0D /* Main.storyboard in Resources */,
				921857BA28F70C390003510A /* PopularCollectionViewCell.xib in Resources */,
			);
			runOnlyForDeploymentPostprocessing = 0;
		};
/* End PBXResourcesBuildPhase section */

/* Begin PBXShellScriptBuildPhase section */
		3D5E34C9A7B7CCD7EEA18C50 /* [CP] Check Pods Manifest.lock */ = {
			isa = PBXShellScriptBuildPhase;
			buildActionMask = 2147483647;
			files = (
			);
			inputFileListPaths = (
			);
			inputPaths = (
				"${PODS_PODFILE_DIR_PATH}/Podfile.lock",
				"${PODS_ROOT}/Manifest.lock",
			);
			name = "[CP] Check Pods Manifest.lock";
			outputFileListPaths = (
			);
			outputPaths = (
				"$(DERIVED_FILE_DIR)/Pods-YumYum-checkManifestLockResult.txt",
			);
			runOnlyForDeploymentPostprocessing = 0;
			shellPath = /bin/sh;
			shellScript = "diff \"${PODS_PODFILE_DIR_PATH}/Podfile.lock\" \"${PODS_ROOT}/Manifest.lock\" > /dev/null\nif [ $? != 0 ] ; then\n    # print error to STDERR\n    echo \"error: The sandbox is not in sync with the Podfile.lock. Run 'pod install' or update your CocoaPods installation.\" >&2\n    exit 1\nfi\n# This output is used by Xcode 'outputs' to avoid re-running this script phase.\necho \"SUCCESS\" > \"${SCRIPT_OUTPUT_FILE_0}\"\n";
			showEnvVarsInLog = 0;
		};
		7B94BABE4883745902DE9EAD /* [CP] Embed Pods Frameworks */ = {
			isa = PBXShellScriptBuildPhase;
			buildActionMask = 2147483647;
			files = (
			);
			inputFileListPaths = (
				"${PODS_ROOT}/Target Support Files/Pods-YumYum/Pods-YumYum-frameworks-${CONFIGURATION}-input-files.xcfilelist",
			);
			name = "[CP] Embed Pods Frameworks";
			outputFileListPaths = (
				"${PODS_ROOT}/Target Support Files/Pods-YumYum/Pods-YumYum-frameworks-${CONFIGURATION}-output-files.xcfilelist",
			);
			runOnlyForDeploymentPostprocessing = 0;
			shellPath = /bin/sh;
			shellScript = "\"${PODS_ROOT}/Target Support Files/Pods-YumYum/Pods-YumYum-frameworks.sh\"\n";
			showEnvVarsInLog = 0;
		};
/* End PBXShellScriptBuildPhase section */

/* Begin PBXSourcesBuildPhase section */
		9289E92028F08FC000779D0D /* Sources */ = {
			isa = PBXSourcesBuildPhase;
			buildActionMask = 2147483647;
			files = (
				921857B928F70C390003510A /* PopularCollectionViewCell.swift in Sources */,
				9242887A28F6C14600C793FA /* CategoryCollectionViewCell.swift in Sources */,
				925909C528F44EC5003D0800 /* OnboardingSlide.swift in Sources */,
				9289E92828F08FC000779D0D /* AppDelegate.swift in Sources */,
				9289E92A28F08FC000779D0D /* SceneDelegate.swift in Sources */,
				925909C328F44D31003D0800 /* UIView+Extension.swift in Sources */,
				925909C028F446B9003D0800 /* OnboardingViewController.swift in Sources */,
				92D931D728F496E1009C29E0 /* HomeViewController.swift in Sources */,
				9242887D28F6C6F700C793FA /* DishCategory.swift in Sources */,
				92E492FE28F6CD65009F4E94 /* String+Extension.swift in Sources */,
				92E4930128F6F4AC009F4E94 /* CardView.swift in Sources */,
				921857BC28F70FA20003510A /* Dish.swift in Sources */,
				925909C728F453E3003D0800 /* OnboardingCollectionViewCell.swift in Sources */,
			);
			runOnlyForDeploymentPostprocessing = 0;
		};
/* End PBXSourcesBuildPhase section */

/* Begin PBXVariantGroup section */
		9289E92D28F08FC000779D0D /* Main.storyboard */ = {
			isa = PBXVariantGroup;
			children = (
				9289E92E28F08FC000779D0D /* Base */,
			);
			name = Main.storyboard;
			sourceTree = "<group>";
		};
		9289E93228F08FC100779D0D /* LaunchScreen.storyboard */ = {
			isa = PBXVariantGroup;
			children = (
				9289E93328F08FC100779D0D /* Base */,
			);
			name = LaunchScreen.storyboard;
			sourceTree = "<group>";
		};
/* End PBXVariantGroup section */

/* Begin XCBuildConfiguration section */
		9289E93628F08FC100779D0D /* Debug */ = {
			isa = XCBuildConfiguration;
			buildSettings = {
				ALWAYS_SEARCH_USER_PATHS = NO;
				CLANG_ANALYZER_NONNULL = YES;
				CLANG_ANALYZER_NUMBER_OBJECT_CONVERSION = YES_AGGRESSIVE;
				CLANG_CXX_LANGUAGE_STANDARD = "gnu++20";
				CLANG_ENABLE_MODULES = YES;
				CLANG_ENABLE_OBJC_ARC = YES;
				CLANG_ENABLE_OBJC_WEAK = YES;
				CLANG_WARN_BLOCK_CAPTURE_AUTORELEASING = YES;
				CLANG_WARN_BOOL_CONVERSION = YES;
				CLANG_WARN_COMMA = YES;
				CLANG_WARN_CONSTANT_CONVERSION = YES;
				CLANG_WARN_DEPRECATED_OBJC_IMPLEMENTATIONS = YES;
				CLANG_WARN_DIRECT_OBJC_ISA_USAGE = YES_ERROR;
				CLANG_WARN_DOCUMENTATION_COMMENTS = YES;
				CLANG_WARN_EMPTY_BODY = YES;
				CLANG_WARN_ENUM_CONVERSION = YES;
				CLANG_WARN_INFINITE_RECURSION = YES;
				CLANG_WARN_INT_CONVERSION = YES;
				CLANG_WARN_NON_LITERAL_NULL_CONVERSION = YES;
				CLANG_WARN_OBJC_IMPLICIT_RETAIN_SELF = YES;
				CLANG_WARN_OBJC_LITERAL_CONVERSION = YES;
				CLANG_WARN_OBJC_ROOT_CLASS = YES_ERROR;
				CLANG_WARN_QUOTED_INCLUDE_IN_FRAMEWORK_HEADER = YES;
				CLANG_WARN_RANGE_LOOP_ANALYSIS = YES;
				CLANG_WARN_STRICT_PROTOTYPES = YES;
				CLANG_WARN_SUSPICIOUS_MOVE = YES;
				CLANG_WARN_UNGUARDED_AVAILABILITY = YES_AGGRESSIVE;
				CLANG_WARN_UNREACHABLE_CODE = YES;
				CLANG_WARN__DUPLICATE_METHOD_MATCH = YES;
				COPY_PHASE_STRIP = NO;
				DEBUG_INFORMATION_FORMAT = dwarf;
				ENABLE_STRICT_OBJC_MSGSEND = YES;
				ENABLE_TESTABILITY = YES;
				GCC_C_LANGUAGE_STANDARD = gnu11;
				GCC_DYNAMIC_NO_PIC = NO;
				GCC_NO_COMMON_BLOCKS = YES;
				GCC_OPTIMIZATION_LEVEL = 0;
				GCC_PREPROCESSOR_DEFINITIONS = (
					"DEBUG=1",
					"$(inherited)",
				);
				GCC_WARN_64_TO_32_BIT_CONVERSION = YES;
				GCC_WARN_ABOUT_RETURN_TYPE = YES_ERROR;
				GCC_WARN_UNDECLARED_SELECTOR = YES;
				GCC_WARN_UNINITIALIZED_AUTOS = YES_AGGRESSIVE;
				GCC_WARN_UNUSED_FUNCTION = YES;
				GCC_WARN_UNUSED_VARIABLE = YES;
				IPHONEOS_DEPLOYMENT_TARGET = 16.0;
				MTL_ENABLE_DEBUG_INFO = INCLUDE_SOURCE;
				MTL_FAST_MATH = YES;
				ONLY_ACTIVE_ARCH = YES;
				SDKROOT = iphoneos;
				SWIFT_ACTIVE_COMPILATION_CONDITIONS = DEBUG;
				SWIFT_OPTIMIZATION_LEVEL = "-Onone";
			};
			name = Debug;
		};
		9289E93728F08FC100779D0D /* Release */ = {
			isa = XCBuildConfiguration;
			buildSettings = {
				ALWAYS_SEARCH_USER_PATHS = NO;
				CLANG_ANALYZER_NONNULL = YES;
				CLANG_ANALYZER_NUMBER_OBJECT_CONVERSION = YES_AGGRESSIVE;
				CLANG_CXX_LANGUAGE_STANDARD = "gnu++20";
				CLANG_ENABLE_MODULES = YES;
				CLANG_ENABLE_OBJC_ARC = YES;
				CLANG_ENABLE_OBJC_WEAK = YES;
				CLANG_WARN_BLOCK_CAPTURE_AUTORELEASING = YES;
				CLANG_WARN_BOOL_CONVERSION = YES;
				CLANG_WARN_COMMA = YES;
				CLANG_WARN_CONSTANT_CONVERSION = YES;
				CLANG_WARN_DEPRECATED_OBJC_IMPLEMENTATIONS = YES;
				CLANG_WARN_DIRECT_OBJC_ISA_USAGE = YES_ERROR;
				CLANG_WARN_DOCUMENTATION_COMMENTS = YES;
				CLANG_WARN_EMPTY_BODY = YES;
				CLANG_WARN_ENUM_CONVERSION = YES;
				CLANG_WARN_INFINITE_RECURSION = YES;
				CLANG_WARN_INT_CONVERSION = YES;
				CLANG_WARN_NON_LITERAL_NULL_CONVERSION = YES;
				CLANG_WARN_OBJC_IMPLICIT_RETAIN_SELF = YES;
				CLANG_WARN_OBJC_LITERAL_CONVERSION = YES;
				CLANG_WARN_OBJC_ROOT_CLASS = YES_ERROR;
				CLANG_WARN_QUOTED_INCLUDE_IN_FRAMEWORK_HEADER = YES;
				CLANG_WARN_RANGE_LOOP_ANALYSIS = YES;
				CLANG_WARN_STRICT_PROTOTYPES = YES;
				CLANG_WARN_SUSPICIOUS_MOVE = YES;
				CLANG_WARN_UNGUARDED_AVAILABILITY = YES_AGGRESSIVE;
				CLANG_WARN_UNREACHABLE_CODE = YES;
				CLANG_WARN__DUPLICATE_METHOD_MATCH = YES;
				COPY_PHASE_STRIP = NO;
				DEBUG_INFORMATION_FORMAT = "dwarf-with-dsym";
				ENABLE_NS_ASSERTIONS = NO;
				ENABLE_STRICT_OBJC_MSGSEND = YES;
				GCC_C_LANGUAGE_STANDARD = gnu11;
				GCC_NO_COMMON_BLOCKS = YES;
				GCC_WARN_64_TO_32_BIT_CONVERSION = YES;
				GCC_WARN_ABOUT_RETURN_TYPE = YES_ERROR;
				GCC_WARN_UNDECLARED_SELECTOR = YES;
				GCC_WARN_UNINITIALIZED_AUTOS = YES_AGGRESSIVE;
				GCC_WARN_UNUSED_FUNCTION = YES;
				GCC_WARN_UNUSED_VARIABLE = YES;
				IPHONEOS_DEPLOYMENT_TARGET = 16.0;
				MTL_ENABLE_DEBUG_INFO = NO;
				MTL_FAST_MATH = YES;
				SDKROOT = iphoneos;
				SWIFT_COMPILATION_MODE = wholemodule;
				SWIFT_OPTIMIZATION_LEVEL = "-O";
				VALIDATE_PRODUCT = YES;
			};
			name = Release;
		};
		9289E93928F08FC100779D0D /* Debug */ = {
			isa = XCBuildConfiguration;
			baseConfigurationReference = A1F6D42B122DD5FF46B139C6 /* Pods-YumYum.debug.xcconfig */;
			buildSettings = {
				ASSETCATALOG_COMPILER_APPICON_NAME = AppIcon;
				ASSETCATALOG_COMPILER_GLOBAL_ACCENT_COLOR_NAME = AccentColor;
				CODE_SIGN_STYLE = Automatic;
				CURRENT_PROJECT_VERSION = 1;
				DEVELOPMENT_TEAM = N9SPXNXF4B;
				GENERATE_INFOPLIST_FILE = YES;
				INFOPLIST_FILE = YumYum/Info.plist;
				INFOPLIST_KEY_UIApplicationSupportsIndirectInputEvents = YES;
				INFOPLIST_KEY_UILaunchStoryboardName = LaunchScreen;
				INFOPLIST_KEY_UIMainStoryboardFile = Main;
				INFOPLIST_KEY_UISupportedInterfaceOrientations_iPad = "UIInterfaceOrientationPortrait UIInterfaceOrientationPortraitUpsideDown UIInterfaceOrientationLandscapeLeft UIInterfaceOrientationLandscapeRight";
				INFOPLIST_KEY_UISupportedInterfaceOrientations_iPhone = "UIInterfaceOrientationPortrait UIInterfaceOrientationLandscapeLeft UIInterfaceOrientationLandscapeRight";
				LD_RUNPATH_SEARCH_PATHS = (
					"$(inherited)",
					"@executable_path/Frameworks",
				);
				MARKETING_VERSION = 1.0;
				PRODUCT_BUNDLE_IDENTIFIER = pl.wspaleniak.YumYum;
				PRODUCT_NAME = "$(TARGET_NAME)";
				SUPPORTED_PLATFORMS = "iphoneos iphonesimulator";
				SUPPORTS_MACCATALYST = NO;
				SUPPORTS_MAC_DESIGNED_FOR_IPHONE_IPAD = NO;
				SWIFT_EMIT_LOC_STRINGS = YES;
				SWIFT_VERSION = 5.0;
				TARGETED_DEVICE_FAMILY = 1;
			};
			name = Debug;
		};
		9289E93A28F08FC100779D0D /* Release */ = {
			isa = XCBuildConfiguration;
			baseConfigurationReference = 13FB7DEC36337B7614298EC2 /* Pods-YumYum.release.xcconfig */;
			buildSettings = {
				ASSETCATALOG_COMPILER_APPICON_NAME = AppIcon;
				ASSETCATALOG_COMPILER_GLOBAL_ACCENT_COLOR_NAME = AccentColor;
				CODE_SIGN_STYLE = Automatic;
				CURRENT_PROJECT_VERSION = 1;
				DEVELOPMENT_TEAM = N9SPXNXF4B;
				GENERATE_INFOPLIST_FILE = YES;
				INFOPLIST_FILE = YumYum/Info.plist;
				INFOPLIST_KEY_UIApplicationSupportsIndirectInputEvents = YES;
				INFOPLIST_KEY_UILaunchStoryboardName = LaunchScreen;
				INFOPLIST_KEY_UIMainStoryboardFile = Main;
				INFOPLIST_KEY_UISupportedInterfaceOrientations_iPad = "UIInterfaceOrientationPortrait UIInterfaceOrientationPortraitUpsideDown UIInterfaceOrientationLandscapeLeft UIInterfaceOrientationLandscapeRight";
				INFOPLIST_KEY_UISupportedInterfaceOrientations_iPhone = "UIInterfaceOrientationPortrait UIInterfaceOrientationLandscapeLeft UIInterfaceOrientationLandscapeRight";
				LD_RUNPATH_SEARCH_PATHS = (
					"$(inherited)",
					"@executable_path/Frameworks",
				);
				MARKETING_VERSION = 1.0;
				PRODUCT_BUNDLE_IDENTIFIER = pl.wspaleniak.YumYum;
				PRODUCT_NAME = "$(TARGET_NAME)";
				SUPPORTED_PLATFORMS = "iphoneos iphonesimulator";
				SUPPORTS_MACCATALYST = NO;
				SUPPORTS_MAC_DESIGNED_FOR_IPHONE_IPAD = NO;
				SWIFT_EMIT_LOC_STRINGS = YES;
				SWIFT_VERSION = 5.0;
				TARGETED_DEVICE_FAMILY = 1;
			};
			name = Release;
		};
/* End XCBuildConfiguration section */

/* Begin XCConfigurationList section */
		9289E91F28F08FC000779D0D /* Build configuration list for PBXProject "YumYum" */ = {
			isa = XCConfigurationList;
			buildConfigurations = (
				9289E93628F08FC100779D0D /* Debug */,
				9289E93728F08FC100779D0D /* Release */,
			);
			defaultConfigurationIsVisible = 0;
			defaultConfigurationName = Release;
		};
		9289E93828F08FC100779D0D /* Build configuration list for PBXNativeTarget "YumYum" */ = {
			isa = XCConfigurationList;
			buildConfigurations = (
				9289E93928F08FC100779D0D /* Debug */,
				9289E93A28F08FC100779D0D /* Release */,
			);
			defaultConfigurationIsVisible = 0;
			defaultConfigurationName = Release;
		};
/* End XCConfigurationList section */
	};
	rootObject = 9289E91C28F08FC000779D0D /* Project object */;
}
